
Microsoft Visual Studio Solution File, Format Version 12.00
# Visual Studio Version 17
VisualStudioVersion = 17.5.33414.496
MinimumVisualStudioVersion = 10.0.40219.1
Project("{FAE04EC0-301F-11D3-BF4B-00C04F79EFBC}") = "UNITINS_DoisIrmaos", "UNITINS_DoisIrmaos.csproj", "{40DFC2A4-7C95-4520-843A-9D66E1BC0647}"
EndProject
Global
	GlobalSection(SolutionConfigurationPlatforms) = preSolution
		Debug|Any CPU = Debug|Any CPU
		Release|Any CPU = Release|Any CPU
	EndGlobalSection
	GlobalSection(ProjectConfigurationPlatforms) = postSolution
		{40DFC2A4-7C95-4520-843A-9D66E1BC0647}.Debug|Any CPU.ActiveCfg = Debug|Any CPU
		{40DFC2A4-7C95-4520-843A-9D66E1BC0647}.Debug|Any CPU.Build.0 = Debug|Any CPU
		{40DFC2A4-7C95-4520-843A-9D66E1BC0647}.Release|Any CPU.ActiveCfg = Release|Any CPU
		{40DFC2A4-7C95-4520-843A-9D66E1BC0647}.Release|Any CPU.Build.0 = Release|Any CPU
	EndGlobalSection
	GlobalSection(SolutionProperties) = preSolution
		HideSolutionNode = FALSE
	EndGlobalSection
	GlobalSection(ExtensibilityGlobals) = postSolution
		SolutionGuid = {9A8494A7-A54F-4F3C-8E3E-D03A32D79A78}
	EndGlobalSection
EndGlobal
